
Microsoft Visual Studio Solution File, Format Version 11.00
# Visual Studio 2010
Project("{8BC9CEB8-8B4A-11D0-8D11-00A0C91BC942}") = "HandGestureRecognizer", "HandGestureRecognizer\HandGestureRecognizer.vcxproj", "{360579F2-1E61-4C16-B8F9-F795298CCCD9}"
EndProject
Global
	GlobalSection(SolutionConfigurationPlatforms) = preSolution
		Debug|Win32 = Debug|Win32
		Release|Win32 = Release|Win32
	EndGlobalSection
	GlobalSection(ProjectConfigurationPlatforms) = postSolution
		{360579F2-1E61-4C16-B8F9-F795298CCCD9}.Debug|Win32.ActiveCfg = Debug|Win32
		{360579F2-1E61-4C16-B8F9-F795298CCCD9}.Debug|Win32.Build.0 = Debug|Win32
		{360579F2-1E61-4C16-B8F9-F795298CCCD9}.Release|Win32.ActiveCfg = Release|Win32
		{360579F2-1E61-4C16-B8F9-F795298CCCD9}.Release|Win32.Build.0 = Release|Win32
	EndGlobalSection
	GlobalSection(SolutionProperties) = preSolution
		HideSolutionNode = FALSE
	EndGlobalSection
EndGlobal
